
Microsoft Visual Studio Solution File, Format Version 12.00
# Visual Studio Version 16
VisualStudioVersion = 16.0.30717.126
MinimumVisualStudioVersion = 10.0.40219.1
Project("{9A19103F-16F7-4668-BE54-9A1E7A4F7556}") = "ADP", "ADP\ADP.csproj", "{15956AB6-0E4F-4C61-AB4C-99FFA0C13FBC}"
EndProject
Project("{9A19103F-16F7-4668-BE54-9A1E7A4F7556}") = "DAL", "DAL\DAL.csproj", "{71F3B0BD-C7C9-48DD-A39E-17F8F4EB7EA0}"
EndProject
Project("{9A19103F-16F7-4668-BE54-9A1E7A4F7556}") = "BLL", "BLL\BLL.csproj", "{69CFBA04-E22E-40B4-89B2-B1CBF938E676}"
EndProject
Project("{9A19103F-16F7-4668-BE54-9A1E7A4F7556}") = "Entity", "Entity\Entity.csproj", "{F9A6B300-60C8-4C6F-A464-B45D2C44C1FA}"
EndProject
Project("{9A19103F-16F7-4668-BE54-9A1E7A4F7556}") = "ViewModel", "ViewModel\ViewModel.csproj", "{0C5ECD05-E19A-4D46-AA04-853EE1DF9E09}"
EndProject
Global
	GlobalSection(SolutionConfigurationPlatforms) = preSolution
		Debug|Any CPU = Debug|Any CPU
		Release|Any CPU = Release|Any CPU
	EndGlobalSection
	GlobalSection(ProjectConfigurationPlatforms) = postSolution
		{15956AB6-0E4F-4C61-AB4C-99FFA0C13FBC}.Debug|Any CPU.ActiveCfg = Debug|Any CPU
		{15956AB6-0E4F-4C61-AB4C-99FFA0C13FBC}.Debug|Any CPU.Build.0 = Debug|Any CPU
		{15956AB6-0E4F-4C61-AB4C-99FFA0C13FBC}.Release|Any CPU.ActiveCfg = Release|Any CPU
		{15956AB6-0E4F-4C61-AB4C-99FFA0C13FBC}.Release|Any CPU.Build.0 = Release|Any CPU
		{71F3B0BD-C7C9-48DD-A39E-17F8F4EB7EA0}.Debug|Any CPU.ActiveCfg = Debug|Any CPU
		{71F3B0BD-C7C9-48DD-A39E-17F8F4EB7EA0}.Debug|Any CPU.Build.0 = Debug|Any CPU
		{71F3B0BD-C7C9-48DD-A39E-17F8F4EB7EA0}.Release|Any CPU.ActiveCfg = Release|Any CPU
		{71F3B0BD-C7C9-48DD-A39E-17F8F4EB7EA0}.Release|Any CPU.Build.0 = Release|Any CPU
		{69CFBA04-E22E-40B4-89B2-B1CBF938E676}.Debug|Any CPU.ActiveCfg = Debug|Any CPU
		{69CFBA04-E22E-40B4-89B2-B1CBF938E676}.Debug|Any CPU.Build.0 = Debug|Any CPU
		{69CFBA04-E22E-40B4-89B2-B1CBF938E676}.Release|Any CPU.ActiveCfg = Release|Any CPU
		{69CFBA04-E22E-40B4-89B2-B1CBF938E676}.Release|Any CPU.Build.0 = Release|Any CPU
		{F9A6B300-60C8-4C6F-A464-B45D2C44C1FA}.Debug|Any CPU.ActiveCfg = Debug|Any CPU
		{F9A6B300-60C8-4C6F-A464-B45D2C44C1FA}.Debug|Any CPU.Build.0 = Debug|Any CPU
		{F9A6B300-60C8-4C6F-A464-B45D2C44C1FA}.Release|Any CPU.ActiveCfg = Release|Any CPU
		{F9A6B300-60C8-4C6F-A464-B45D2C44C1FA}.Release|Any CPU.Build.0 = Release|Any CPU
		{0C5ECD05-E19A-4D46-AA04-853EE1DF9E09}.Debug|Any CPU.ActiveCfg = Debug|Any CPU
		{0C5ECD05-E19A-4D46-AA04-853EE1DF9E09}.Debug|Any CPU.Build.0 = Debug|Any CPU
		{0C5ECD05-E19A-4D46-AA04-853EE1DF9E09}.Release|Any CPU.ActiveCfg = Release|Any CPU
		{0C5ECD05-E19A-4D46-AA04-853EE1DF9E09}.Release|Any CPU.Build.0 = Release|Any CPU
	EndGlobalSection
	GlobalSection(SolutionProperties) = preSolution
		HideSolutionNode = FALSE
	EndGlobalSection
	GlobalSection(ExtensibilityGlobals) = postSolution
		SolutionGuid = {6DE52365-D5D8-4269-BF4D-DC2D15E06C60}
	EndGlobalSection
EndGlobal
